
Microsoft Visual Studio Solution File, Format Version 12.00
# Visual Studio Version 16
VisualStudioVersion = 16.0.29403.142
MinimumVisualStudioVersion = 10.0.40219.1
Project("{FAE04EC0-301F-11D3-BF4B-00C04F79EFBC}") = "Satis", "Satis\Satis.csproj", "{8CF90558-23BC-4B06-B7A4-DDD994436630}"
EndProject
Global
	GlobalSection(SolutionConfigurationPlatforms) = preSolution
		Debug|Any CPU = Debug|Any CPU
		Release|Any CPU = Release|Any CPU
	EndGlobalSection
	GlobalSection(ProjectConfigurationPlatforms) = postSolution
		{8CF90558-23BC-4B06-B7A4-DDD994436630}.Debug|Any CPU.ActiveCfg = Debug|Any CPU
		{8CF90558-23BC-4B06-B7A4-DDD994436630}.Debug|Any CPU.Build.0 = Debug|Any CPU
		{8CF90558-23BC-4B06-B7A4-DDD994436630}.Release|Any CPU.ActiveCfg = Release|Any CPU
		{8CF90558-23BC-4B06-B7A4-DDD994436630}.Release|Any CPU.Build.0 = Release|Any CPU
	EndGlobalSection
	GlobalSection(SolutionProperties) = preSolution
		HideSolutionNode = FALSE
	EndGlobalSection
	GlobalSection(ExtensibilityGlobals) = postSolution
		SolutionGuid = {5F1F88C2-0D37-41DE-B675-69E1E6422A91}
	EndGlobalSection
EndGlobal
